Microsoft Visual Studio Solution File, Format Version 11.00
# Visual Studio 2008

Project("{DF33A11A-FC88-FC38-5390-99B27EC89FF7}") = "level2", "Assembly-CSharp.csproj", "{D1602A88-8D68-90CE-5F86-7D0961AE60DE}"
EndProject
Project("{DF33A11A-FC88-FC38-5390-99B27EC89FF7}") = "level2", "Assembly-CSharp-Editor.csproj", "{B57D0E34-A70C-F3A3-8B4B-00B969769448}"
EndProject
Global
	GlobalSection(SolutionConfigurationPlatforms) = preSolution
		Debug|Any CPU = Debug|Any CPU
		Release|Any CPU = Release|Any CPU
	EndGlobalSection
	GlobalSection(ProjectConfigurationPlatforms) = postSolution
		{D1602A88-8D68-90CE-5F86-7D0961AE60DE}.Debug|Any CPU.ActiveCfg = Debug|Any CPU
		{D1602A88-8D68-90CE-5F86-7D0961AE60DE}.Debug|Any CPU.Build.0 = Debug|Any CPU
		{D1602A88-8D68-90CE-5F86-7D0961AE60DE}.Release|Any CPU.ActiveCfg = Release|Any CPU
		{D1602A88-8D68-90CE-5F86-7D0961AE60DE}.Release|Any CPU.Build.0 = Release|Any CPU
		{B57D0E34-A70C-F3A3-8B4B-00B969769448}.Debug|Any CPU.ActiveCfg = Debug|Any CPU
		{B57D0E34-A70C-F3A3-8B4B-00B969769448}.Debug|Any CPU.Build.0 = Debug|Any CPU
		{B57D0E34-A70C-F3A3-8B4B-00B969769448}.Release|Any CPU.ActiveCfg = Release|Any CPU
		{B57D0E34-A70C-F3A3-8B4B-00B969769448}.Release|Any CPU.Build.0 = Release|Any CPU
	EndGlobalSection
	GlobalSection(SolutionProperties) = preSolution
		HideSolutionNode = FALSE
	EndGlobalSection
	GlobalSection(MonoDevelopProperties) = preSolution
		StartupItem = Assembly-CSharp.csproj
	EndGlobalSection
EndGlobal
