
Microsoft Visual Studio Solution File, Format Version 11.00
# Visual Studio 2010
Project("{FAE04EC0-301F-11D3-BF4B-00C04F79EFBC}") = "level1", "Assembly-CSharp.csproj", "{B7934205-B52D-5717-B340-D105C313DA91}"
EndProject
Project("{FAE04EC0-301F-11D3-BF4B-00C04F79EFBC}") = "level1", "Assembly-CSharp-Editor.csproj", "{A823B95D-A16A-5237-A1D7-3038ADE8EDC4}"
EndProject
Global
	GlobalSection(SolutionConfigurationPlatforms) = preSolution
		Debug|Any CPU = Debug|Any CPU
		Release|Any CPU = Release|Any CPU
	EndGlobalSection
	GlobalSection(ProjectConfigurationPlatforms) = postSolution
		{B7934205-B52D-5717-B340-D105C313DA91}.Debug|Any CPU.ActiveCfg = Debug|Any CPU
		{B7934205-B52D-5717-B340-D105C313DA91}.Debug|Any CPU.Build.0 = Debug|Any CPU
		{B7934205-B52D-5717-B340-D105C313DA91}.Release|Any CPU.ActiveCfg = Release|Any CPU
		{B7934205-B52D-5717-B340-D105C313DA91}.Release|Any CPU.Build.0 = Release|Any CPU
		{A823B95D-A16A-5237-A1D7-3038ADE8EDC4}.Debug|Any CPU.ActiveCfg = Debug|Any CPU
		{A823B95D-A16A-5237-A1D7-3038ADE8EDC4}.Debug|Any CPU.Build.0 = Debug|Any CPU
		{A823B95D-A16A-5237-A1D7-3038ADE8EDC4}.Release|Any CPU.ActiveCfg = Release|Any CPU
		{A823B95D-A16A-5237-A1D7-3038ADE8EDC4}.Release|Any CPU.Build.0 = Release|Any CPU
	EndGlobalSection
	GlobalSection(SolutionProperties) = preSolution
		HideSolutionNode = FALSE
	EndGlobalSection
	GlobalSection(MonoDevelopProperties) = preSolution
		StartupItem = Assembly-CSharp.csproj
	EndGlobalSection
EndGlobal
